
Microsoft Visual Studio Solution File, Format Version 12.00
# Visual Studio 15
VisualStudioVersion = 15.0.28307.168
MinimumVisualStudioVersion = 10.0.40219.1
Project("{FAE04EC0-301F-11D3-BF4B-00C04F79EFBC}") = "GuardianAngel", "GuardianAngel\GuardianAngel.csproj", "{98292D2C-32A1-4F54-876B-C53FB555C414}"
EndProject
Global
	GlobalSection(SolutionConfigurationPlatforms) = preSolution
		Debug|Any CPU = Debug|Any CPU
		Release|Any CPU = Release|Any CPU
	EndGlobalSection
	GlobalSection(ProjectConfigurationPlatforms) = postSolution
		{98292D2C-32A1-4F54-876B-C53FB555C414}.Debug|Any CPU.ActiveCfg = Debug|Any CPU
		{98292D2C-32A1-4F54-876B-C53FB555C414}.Debug|Any CPU.Build.0 = Debug|Any CPU
		{98292D2C-32A1-4F54-876B-C53FB555C414}.Release|Any CPU.ActiveCfg = Release|Any CPU
		{98292D2C-32A1-4F54-876B-C53FB555C414}.Release|Any CPU.Build.0 = Release|Any CPU
	EndGlobalSection
	GlobalSection(SolutionProperties) = preSolution
		HideSolutionNode = FALSE
	EndGlobalSection
	GlobalSection(ExtensibilityGlobals) = postSolution
		SolutionGuid = {74C3B94D-0FBA-441E-B56F-16CDE0B48F7F}
	EndGlobalSection
EndGlobal
